
Microsoft Visual Studio Solution File, Format Version 12.00
# Visual Studio Version 17
VisualStudioVersion = 17.0.31903.59
MinimumVisualStudioVersion = 10.0.40219.1
Project("{FAE04EC0-301F-11D3-BF4B-00C04F79EFBC}") = "GitInsightR1", "GitInsightR1\GitInsightR1.csproj", "{20A292E8-8B06-456D-8771-E545EFBA9EC2}"
EndProject
Project("{FAE04EC0-301F-11D3-BF4B-00C04F79EFBC}") = "GitInsightR1.Tests", "GitInsightR1.Tests\GitInsightR1.Tests.csproj", "{02C4EA67-E85B-479C-8B92-EAAC2934BAED}"
EndProject
Global
	GlobalSection(SolutionConfigurationPlatforms) = preSolution
		Debug|Any CPU = Debug|Any CPU
		Release|Any CPU = Release|Any CPU
	EndGlobalSection
	GlobalSection(SolutionProperties) = preSolution
		HideSolutionNode = FALSE
	EndGlobalSection
	GlobalSection(ProjectConfigurationPlatforms) = postSolution
		{20A292E8-8B06-456D-8771-E545EFBA9EC2}.Debug|Any CPU.ActiveCfg = Debug|Any CPU
		{20A292E8-8B06-456D-8771-E545EFBA9EC2}.Debug|Any CPU.Build.0 = Debug|Any CPU
		{20A292E8-8B06-456D-8771-E545EFBA9EC2}.Release|Any CPU.ActiveCfg = Release|Any CPU
		{20A292E8-8B06-456D-8771-E545EFBA9EC2}.Release|Any CPU.Build.0 = Release|Any CPU
		{02C4EA67-E85B-479C-8B92-EAAC2934BAED}.Debug|Any CPU.ActiveCfg = Debug|Any CPU
		{02C4EA67-E85B-479C-8B92-EAAC2934BAED}.Debug|Any CPU.Build.0 = Debug|Any CPU
		{02C4EA67-E85B-479C-8B92-EAAC2934BAED}.Release|Any CPU.ActiveCfg = Release|Any CPU
		{02C4EA67-E85B-479C-8B92-EAAC2934BAED}.Release|Any CPU.Build.0 = Release|Any CPU
	EndGlobalSection
EndGlobal
